Microsoft Visual Studio Solution File, Format Version 12.00
# Visual Studio Version 17
VisualStudioVersion = 17.5.2.0
MinimumVisualStudioVersion = 10.0.40219.1
Project("{FAE04EC0-301F-11D3-BF4B-00C04F79EFBC}") = "MoneyFixClient", "MoneyFixClient.csproj", "{0AA9FB89-EE40-5257-BBDD-6F34A5840630}"
EndProject
Global
	GlobalSection(SolutionConfigurationPlatforms) = preSolution
		Debug|Any CPU = Debug|Any CPU
		Release|Any CPU = Release|Any CPU
	EndGlobalSection
	GlobalSection(ProjectConfigurationPlatforms) = postSolution
		{0AA9FB89-EE40-5257-BBDD-6F34A5840630}.Debug|Any CPU.ActiveCfg = Debug|Any CPU
		{0AA9FB89-EE40-5257-BBDD-6F34A5840630}.Debug|Any CPU.Build.0 = Debug|Any CPU
		{0AA9FB89-EE40-5257-BBDD-6F34A5840630}.Release|Any CPU.ActiveCfg = Release|Any CPU
		{0AA9FB89-EE40-5257-BBDD-6F34A5840630}.Release|Any CPU.Build.0 = Release|Any CPU
	EndGlobalSection
	GlobalSection(SolutionProperties) = preSolution
		HideSolutionNode = FALSE
	EndGlobalSection
	GlobalSection(ExtensibilityGlobals) = postSolution
		SolutionGuid = {2E9936A5-1060-4199-80E3-1D5617FAD0A0}
	EndGlobalSection
EndGlobal
